
Microsoft Visual Studio Solution File, Format Version 12.00
# Visual Studio 15
VisualStudioVersion = 15.0.28307.329
MinimumVisualStudioVersion = 10.0.40219.1
Project("{FAE04EC0-301F-11D3-BF4B-00C04F79EFBC}") = "ProfilingResearch", "ProfilingResearch\ProfilingResearch.csproj", "{71221DAC-9486-4766-84B8-8DCD916C41BE}"
EndProject
Global
	GlobalSection(SolutionConfigurationPlatforms) = preSolution
		Debug|Any CPU = Debug|Any CPU
		Release|Any CPU = Release|Any CPU
	EndGlobalSection
	GlobalSection(ProjectConfigurationPlatforms) = postSolution
		{71221DAC-9486-4766-84B8-8DCD916C41BE}.Debug|Any CPU.ActiveCfg = Debug|Any CPU
		{71221DAC-9486-4766-84B8-8DCD916C41BE}.Debug|Any CPU.Build.0 = Debug|Any CPU
		{71221DAC-9486-4766-84B8-8DCD916C41BE}.Release|Any CPU.ActiveCfg = Release|Any CPU
		{71221DAC-9486-4766-84B8-8DCD916C41BE}.Release|Any CPU.Build.0 = Release|Any CPU
	EndGlobalSection
	GlobalSection(SolutionProperties) = preSolution
		HideSolutionNode = FALSE
	EndGlobalSection
	GlobalSection(ExtensibilityGlobals) = postSolution
		SolutionGuid = {3DE67D46-2D2A-4FE5-9960-EDE4DB31A3F0}
	EndGlobalSection
EndGlobal
