
Microsoft Visual Studio Solution File, Format Version 12.00
# Visual Studio 15
VisualStudioVersion = 15.0.28307.329
MinimumVisualStudioVersion = 10.0.40219.1
Project("{FAE04EC0-301F-11D3-BF4B-00C04F79EFBC}") = "PigLatin_Exercise", "Exercise1Driver\PigLatin_Exercise.csproj", "{024C7671-6B6E-4A56-8E07-C34B3166A811}"
EndProject
Global
	GlobalSection(SolutionConfigurationPlatforms) = preSolution
		Debug|Any CPU = Debug|Any CPU
		Release|Any CPU = Release|Any CPU
	EndGlobalSection
	GlobalSection(ProjectConfigurationPlatforms) = postSolution
		{024C7671-6B6E-4A56-8E07-C34B3166A811}.Debug|Any CPU.ActiveCfg = Debug|Any CPU
		{024C7671-6B6E-4A56-8E07-C34B3166A811}.Debug|Any CPU.Build.0 = Debug|Any CPU
		{024C7671-6B6E-4A56-8E07-C34B3166A811}.Release|Any CPU.ActiveCfg = Release|Any CPU
		{024C7671-6B6E-4A56-8E07-C34B3166A811}.Release|Any CPU.Build.0 = Release|Any CPU
	EndGlobalSection
	GlobalSection(SolutionProperties) = preSolution
		HideSolutionNode = FALSE
	EndGlobalSection
	GlobalSection(ExtensibilityGlobals) = postSolution
		SolutionGuid = {886285E9-29FA-45C8-B6DC-041A23188073}
	EndGlobalSection
EndGlobal
