
Microsoft Visual Studio Solution File, Format Version 12.00
# Visual Studio 15
VisualStudioVersion = 15.0.28307.329
MinimumVisualStudioVersion = 10.0.40219.1
Project("{FAE04EC0-301F-11D3-BF4B-00C04F79EFBC}") = "Project4", "museum\Project4.csproj", "{D9BE9D62-93CE-450B-802A-F3EAB0E1A44E}"
EndProject
Global
	GlobalSection(SolutionConfigurationPlatforms) = preSolution
		Debug|Any CPU = Debug|Any CPU
		Release|Any CPU = Release|Any CPU
	EndGlobalSection
	GlobalSection(ProjectConfigurationPlatforms) = postSolution
		{D9BE9D62-93CE-450B-802A-F3EAB0E1A44E}.Debug|Any CPU.ActiveCfg = Debug|Any CPU
		{D9BE9D62-93CE-450B-802A-F3EAB0E1A44E}.Debug|Any CPU.Build.0 = Debug|Any CPU
		{D9BE9D62-93CE-450B-802A-F3EAB0E1A44E}.Release|Any CPU.ActiveCfg = Release|Any CPU
		{D9BE9D62-93CE-450B-802A-F3EAB0E1A44E}.Release|Any CPU.Build.0 = Release|Any CPU
	EndGlobalSection
	GlobalSection(SolutionProperties) = preSolution
		HideSolutionNode = FALSE
	EndGlobalSection
	GlobalSection(ExtensibilityGlobals) = postSolution
		SolutionGuid = {FF472A44-F45C-401C-A923-82ED42F4AE10}
	EndGlobalSection
EndGlobal
