
Microsoft Visual Studio Solution File, Format Version 12.00
# Visual Studio 15
VisualStudioVersion = 15.0.28307.329
MinimumVisualStudioVersion = 10.0.40219.1
Project("{FAE04EC0-301F-11D3-BF4B-00C04F79EFBC}") = "PigLatinExercise", "PigLatinExercise\PigLatinExercise.csproj", "{6918F2EC-7CE6-4D24-9DDA-264E131130EF}"
EndProject
Global
	GlobalSection(SolutionConfigurationPlatforms) = preSolution
		Debug|Any CPU = Debug|Any CPU
		Release|Any CPU = Release|Any CPU
	EndGlobalSection
	GlobalSection(ProjectConfigurationPlatforms) = postSolution
		{6918F2EC-7CE6-4D24-9DDA-264E131130EF}.Debug|Any CPU.ActiveCfg = Debug|Any CPU
		{6918F2EC-7CE6-4D24-9DDA-264E131130EF}.Debug|Any CPU.Build.0 = Debug|Any CPU
		{6918F2EC-7CE6-4D24-9DDA-264E131130EF}.Release|Any CPU.ActiveCfg = Release|Any CPU
		{6918F2EC-7CE6-4D24-9DDA-264E131130EF}.Release|Any CPU.Build.0 = Release|Any CPU
	EndGlobalSection
	GlobalSection(SolutionProperties) = preSolution
		HideSolutionNode = FALSE
	EndGlobalSection
	GlobalSection(ExtensibilityGlobals) = postSolution
		SolutionGuid = {D6DC66B4-747F-4DF9-9D14-327CA60DE1C0}
	EndGlobalSection
EndGlobal
